<?xml version="1.0" encoding="utf-8"?>
<Project ToolsVersion="4.0" xmlns="http://schemas.microsoft.com/developer/msbuild/2003">
  <ItemGroup>
    <ClCompile Include="dllmain.cpp" />
    <ClCompile Include="interfaces.cpp">
      <Filter>interfaces</Filter>
    </ClCompile>
    <ClCompile Include="netvars.cpp">
      <Filter>netvars</Filter>
    </ClCompile>
    <ClCompile Include="hooks.cpp">
      <Filter>hooks</Filter>
    </ClCompile>
    <ClCompile Include="Hook.cpp">
      <Filter>hooks</Filter>
    </ClCompile>
    <ClCompile Include="infopanel.cpp">
      <Filter>features</Filter>
    </ClCompile>
    <ClCompile Include="helper.cpp">
      <Filter>sdk</Filter>
    </ClCompile>
    <ClCompile Include="Panel.cpp">
      <Filter>sdk\Panel</Filter>
    </ClCompile>
    <ClCompile Include="bunnyhop.cpp">
      <Filter>features</Filter>
    </ClCompile>
  </ItemGroup>
  <ItemGroup>
    <Filter Include="config">
      <UniqueIdentifier>{81512c2a-9343-4029-9de0-59c4100e336c}</UniqueIdentifier>
    </Filter>
    <Filter Include="interfaces">
      <UniqueIdentifier>{6001abe7-9826-451f-8666-040d5814043f}</UniqueIdentifier>
    </Filter>
    <Filter Include="netvars">
      <UniqueIdentifier>{089a415b-49bf-4d04-b058-f57dd28b2d5a}</UniqueIdentifier>
    </Filter>
    <Filter Include="hooks">
      <UniqueIdentifier>{b3e27e88-f316-4b42-9ddf-3bdd6a0726eb}</UniqueIdentifier>
    </Filter>
    <Filter Include="valve">
      <UniqueIdentifier>{ed64c5b9-1d28-4d30-9b95-16032a4ce7a6}</UniqueIdentifier>
    </Filter>
    <Filter Include="features">
      <UniqueIdentifier>{dddfc57a-03cc-400d-8ff3-a709da96d2b2}</UniqueIdentifier>
    </Filter>
    <Filter Include="sdk">
      <UniqueIdentifier>{ca578610-6e3e-4009-9c21-fc17d54b974b}</UniqueIdentifier>
    </Filter>
    <Filter Include="sdk\Panel">
      <UniqueIdentifier>{04e99e55-ab36-457d-aaab-5efb87d8f3a6}</UniqueIdentifier>
    </Filter>
  </ItemGroup>
  <ItemGroup>
    <ClInclude Include="config.h">
      <Filter>config</Filter>
    </ClInclude>
    <ClInclude Include="interfaces.h">
      <Filter>interfaces</Filter>
    </ClInclude>
    <ClInclude Include="netvars.h">
      <Filter>netvars</Filter>
    </ClInclude>
    <ClInclude Include="hooks.h">
      <Filter>hooks</Filter>
    </ClInclude>
    <ClInclude Include="Hook.h">
      <Filter>hooks</Filter>
    </ClInclude>
    <ClInclude Include="IPanel.h">
      <Filter>valve</Filter>
    </ClInclude>
    <ClInclude Include="ISurface.h">
      <Filter>valve</Filter>
    </ClInclude>
    <ClInclude Include="infopanel.h">
      <Filter>features</Filter>
    </ClInclude>
    <ClInclude Include="helper.h">
      <Filter>sdk</Filter>
    </ClInclude>
    <ClInclude Include="Color.h">
      <Filter>sdk</Filter>
    </ClInclude>
    <ClInclude Include="IVEngineClient.h">
      <Filter>valve</Filter>
    </ClInclude>
    <ClInclude Include="Panel.h">
      <Filter>sdk\Panel</Filter>
    </ClInclude>
    <ClInclude Include="IBaseClientDll.h">
      <Filter>valve</Filter>
    </ClInclude>
    <ClInclude Include="CUserCmd.h">
      <Filter>valve</Filter>
    </ClInclude>
    <ClInclude Include="bunnyhop.h">
      <Filter>features</Filter>
    </ClInclude>
    <ClInclude Include="Entity.h">
      <Filter>sdk</Filter>
    </ClInclude>
    <ClInclude Include="IClientEntityList.h">
      <Filter>valve</Filter>
    </ClInclude>
    <ClInclude Include="Recv.h">
      <Filter>valve</Filter>
    </ClInclude>
  </ItemGroup>
  <ItemGroup>
    <Library Include="libMinHook.x86.lib">
      <Filter>hooks</Filter>
    </Library>
  </ItemGroup>
</Project>